
Microsoft Visual Studio Solution File, Format Version 12.00
# Visual Studio 15
VisualStudioVersion = 15.0.27004.2005
MinimumVisualStudioVersion = 10.0.40219.1
Project("{FAE04EC0-301F-11D3-BF4B-00C04F79EFBC}") = "Revit_Unwrapper", "Revit_Unwrapper\Revit_Unwrapper.csproj", "{667A479C-FC70-4B0C-AC63-3601578C32BA}"
EndProject
Global
	GlobalSection(SolutionConfigurationPlatforms) = preSolution
		Debug|Any CPU = Debug|Any CPU
		Release|Any CPU = Release|Any CPU
	EndGlobalSection
	GlobalSection(ProjectConfigurationPlatforms) = postSolution
		{667A479C-FC70-4B0C-AC63-3601578C32BA}.Debug|Any CPU.ActiveCfg = Debug|Any CPU
		{667A479C-FC70-4B0C-AC63-3601578C32BA}.Debug|Any CPU.Build.0 = Debug|Any CPU
		{667A479C-FC70-4B0C-AC63-3601578C32BA}.Release|Any CPU.ActiveCfg = Release|Any CPU
		{667A479C-FC70-4B0C-AC63-3601578C32BA}.Release|Any CPU.Build.0 = Release|Any CPU
	EndGlobalSection
	GlobalSection(SolutionProperties) = preSolution
		HideSolutionNode = FALSE
	EndGlobalSection
	GlobalSection(ExtensibilityGlobals) = postSolution
		SolutionGuid = {58643C43-D04B-4C15-889F-847F3F5304E7}
	EndGlobalSection
EndGlobal
